// !$*UTF8*$!
{
	archiveVersion = 1;
	classes = {
	};
	objectVersion = 50;
	objects = {

/* Begin PBXBuildFile section */
		43E8C55622AA78BD0015AFE0 /* AppDelegate.swift in Sources */ = {isa = PBXBuildFile; fileRef = 43E8C55522AA78BD0015AFE0 /* AppDelegate.swift */; };
		43E8C55822AA78BD0015AFE0 /* ViewController.swift in Sources */ = {isa = PBXBuildFile; fileRef = 43E8C55722AA78BD0015AFE0 /* ViewController.swift */; };
		43E8C55B22AA78BD0015AFE0 /* Main.storyboard in Resources */ = {isa = PBXBuildFile; fileRef = 43E8C55922AA78BD0015AFE0 /* Main.storyboard */; };
		43E8C55D22AA78BD0015AFE0 /* Assets.xcassets in Resources */ = {isa = PBXBuildFile; fileRef = 43E8C55C22AA78BD0015AFE0 /* Assets.xcassets */; };
		43E8C56022AA78BD0015AFE0 /* LaunchScreen.storyboard in Resources */ = {isa = PBXBuildFile; fileRef = 43E8C55E22AA78BD0015AFE0 /* LaunchScreen.storyboard */; };
		43E8C56822AB9DE30015AFE0 /* Data.swift in Sources */ = {isa = PBXBuildFile; fileRef = 43E8C56722AB9DE30015AFE0 /* Data.swift */; };
		E7EE2AEF002C70521BC7E91B /* Pods_ITunesSearchAPI.framework in Frameworks */ = {isa = PBXBuildFile; fileRef = 7B7A9B96A946A8DCE66646DC /* Pods_ITunesSearchAPI.framework */; };
/* End PBXBuildFile section */

/* Begin PBXFileReference section */
		43E8C55222AA78BD0015AFE0 /* ITunesSearchAPI.app */ = {isa = PBXFileReference; explicitFileType = wrapper.application; includeInIndex = 0; path = ITunesSearchAPI.app; sourceTree = BUILT_PRODUCTS_DIR; };
		43E8C55522AA78BD0015AFE0 /* AppDelegate.swift */ = {isa = PBXFileReference; lastKnownFileType = sourcecode.swift; path = AppDelegate.swift; sourceTree = "<group>"; };
		43E8C55722AA78BD0015AFE0 /* ViewController.swift */ = {isa = PBXFileReference; lastKnownFileType = sourcecode.swift; path = ViewController.swift; sourceTree = "<group>"; };
		43E8C55A22AA78BD0015AFE0 /* Base */ = {isa = PBXFileReference; lastKnownFileType = file.storyboard; name = Base; path = Base.lproj/Main.storyboard; sourceTree = "<group>"; };
		43E8C55C22AA78BD0015AFE0 /* Assets.xcassets */ = {isa = PBXFileReference; lastKnownFileType = folder.assetcatalog; path = Assets.xcassets; sourceTree = "<group>"; };
		43E8C55F22AA78BD0015AFE0 /* Base */ = {isa = PBXFileReference; lastKnownFileType = file.storyboard; name = Base; path = Base.lproj/LaunchScreen.storyboard; sourceTree = "<group>"; };
		43E8C56122AA78BD0015AFE0 /* Info.plist */ = {isa = PBXFileReference; lastKnownFileType = text.plist.xml; path = Info.plist; sourceTree = "<group>"; };
		43E8C56722AB9DE30015AFE0 /* Data.swift */ = {isa = PBXFileReference; lastKnownFileType = sourcecode.swift; path = Data.swift; sourceTree = "<group>"; };
		737284A80AF5C5E002ABCCEA /* Pods-ITunesSearchAPI.release.xcconfig */ = {isa = PBXFileReference; includeInIndex = 1; lastKnownFileType = text.xcconfig; name = "Pods-ITunesSearchAPI.release.xcconfig"; path = "Target Support Files/Pods-ITunesSearchAPI/Pods-ITunesSearchAPI.release.xcconfig"; sourceTree = "<group>"; };
		75F7B67005F8162E1CFF1E9C /* Pods-ITunesSearchAPI.debug.xcconfig */ = {isa = PBXFileReference; includeInIndex = 1; lastKnownFileType = text.xcconfig; name = "Pods-ITunesSearchAPI.debug.xcconfig"; path = "Target Support Files/Pods-ITunesSearchAPI/Pods-ITunesSearchAPI.debug.xcconfig"; sourceTree = "<group>"; };
		7B7A9B96A946A8DCE66646DC /* Pods_ITunesSearchAPI.framework */ = {isa = PBXFileReference; explicitFileType = wrapper.framework; includeInIndex = 0; path = Pods_ITunesSearchAPI.framework; sourceTree = BUILT_PRODUCTS_DIR; };
/* End PBXFileReference section */

/* Begin PBXFrameworksBuildPhase section */
		43E8C54F22AA78BD0015AFE0 /* Frameworks */ = {
			isa = PBXFrameworksBuildPhase;
			buildActionMask = 2147483647;
			files = (
				E7EE2AEF002C70521BC7E91B /* Pods_ITunesSearchAPI.framework in Frameworks */,
			);
			runOnlyForDeploymentPostprocessing = 0;
		};
/* End PBXFrameworksBuildPhase section */

/* Begin PBXGroup section */
		43E8C54922AA78BD0015AFE0 = {
			isa = PBXGroup;
			children = (
				43E8C55422AA78BD0015AFE0 /* ITunesSearchAPI */,
				43E8C55322AA78BD0015AFE0 /* Products */,
				F6562FDFCCF86F2F56D4B02D /* Pods */,
				AD87C8F1614BBC5FD650E976 /* Frameworks */,
			);
			sourceTree = "<group>";
		};
		43E8C55322AA78BD0015AFE0 /* Products */ = {
			isa = PBXGroup;
			children = (
				43E8C55222AA78BD0015AFE0 /* ITunesSearchAPI.app */,
			);
			name = Products;
			sourceTree = "<group>";
		};
		43E8C55422AA78BD0015AFE0 /* ITunesSearchAPI */ = {
			isa = PBXGroup;
			children = (
				43E8C55522AA78BD0015AFE0 /* AppDelegate.swift */,
				43E8C55722AA78BD0015AFE0 /* ViewController.swift */,
				43E8C56722AB9DE30015AFE0 /* Data.swift */,
				43E8C55922AA78BD0015AFE0 /* Main.storyboard */,
				43E8C55C22AA78BD0015AFE0 /* Assets.xcassets */,
				43E8C55E22AA78BD0015AFE0 /* LaunchScreen.storyboard */,
				43E8C56122AA78BD0015AFE0 /* Info.plist */,
			);
			path = ITunesSearchAPI;
			sourceTree = "<group>";
		};
		AD87C8F1614BBC5FD650E976 /* Frameworks */ = {
			isa = PBXGroup;
			children = (
				7B7A9B96A946A8DCE66646DC /* Pods_ITunesSearchAPI.framework */,
			);
			name = Frameworks;
			sourceTree = "<group>";
		};
		F6562FDFCCF86F2F56D4B02D /* Pods */ = {
			isa = PBXGroup;
			children = (
				75F7B67005F8162E1CFF1E9C /* Pods-ITunesSearchAPI.debug.xcconfig */,
				737284A80AF5C5E002ABCCEA /* Pods-ITunesSearchAPI.release.xcconfig */,
			);
			path = Pods;
			sourceTree = "<group>";
		};
/* End PBXGroup section */

/* Begin PBXNativeTarget section */
		43E8C55122AA78BD0015AFE0 /* ITunesSearchAPI */ = {
			isa = PBXNativeTarget;
			buildConfigurationList = 43E8C56422AA78BD0015AFE0 /* Build configuration list for PBXNativeTarget "ITunesSearchAPI" */;
			buildPhases = (
				112ABEC4C713341FAFB1AD3E /* [CP] Check Pods Manifest.lock */,
				43E8C54E22AA78BD0015AFE0 /* Sources */,
				43E8C54F22AA78BD0015AFE0 /* Frameworks */,
				43E8C55022AA78BD0015AFE0 /* Resources */,
				D31B8AB6061ECB4256F7FD73 /* [CP] Embed Pods Frameworks */,
			);
			buildRules = (
			);
			dependencies = (
			);
			name = ITunesSearchAPI;
			productName = ITunesSearchAPI;
			productReference = 43E8C55222AA78BD0015AFE0 /* ITunesSearchAPI.app */;
			productType = "com.apple.product-type.application";
		};
/* End PBXNativeTarget section */

/* Begin PBXProject section */
		43E8C54A22AA78BD0015AFE0 /* Project object */ = {
			isa = PBXProject;
			attributes = {
				LastSwiftUpdateCheck = 1020;
				LastUpgradeCheck = 1020;
				ORGANIZATIONNAME = "Alex Lee";
				TargetAttributes = {
					43E8C55122AA78BD0015AFE0 = {
						CreatedOnToolsVersion = 10.2;
					};
				};
			};
			buildConfigurationList = 43E8C54D22AA78BD0015AFE0 /* Build configuration list for PBXProject "ITunesSearchAPI" */;
			compatibilityVersion = "Xcode 9.3";
			developmentRegion = en;
			hasScannedForEncodings = 0;
			knownRegions = (
				en,
				Base,
			);
			mainGroup = 43E8C54922AA78BD0015AFE0;
			productRefGroup = 43E8C55322AA78BD0015AFE0 /* Products */;
			projectDirPath = "";
			projectRoot = "";
			targets = (
				43E8C55122AA78BD0015AFE0 /* ITunesSearchAPI */,
			);
		};
/* End PBXProject section */

/* Begin PBXResourcesBuildPhase section */
		43E8C55022AA78BD0015AFE0 /* Resources */ = {
			isa = PBXResourcesBuildPhase;
			buildActionMask = 2147483647;
			files = (
				43E8C56022AA78BD0015AFE0 /* LaunchScreen.storyboard in Resources */,
				43E8C55D22AA78BD0015AFE0 /* Assets.xcassets in Resources */,
				43E8C55B22AA78BD0015AFE0 /* Main.storyboard in Resources */,
			);
			runOnlyForDeploymentPostprocessing = 0;
		};
/* End PBXResourcesBuildPhase section */

/* Begin PBXShellScriptBuildPhase section */
		112ABEC4C713341FAFB1AD3E /* [CP] Check Pods Manifest.lock */ = {
			isa = PBXShellScriptBuildPhase;
			buildActionMask = 2147483647;
			files = (
			);
			inputFileListPaths = (
			);
			inputPaths = (
				"${PODS_PODFILE_DIR_PATH}/Podfile.lock",
				"${PODS_ROOT}/Manifest.lock",
			);
			name = "[CP] Check Pods Manifest.lock";
			outputFileListPaths = (
			);
			outputPaths = (
				"$(DERIVED_FILE_DIR)/Pods-ITunesSearchAPI-checkManifestLockResult.txt",
			);
			runOnlyForDeploymentPostprocessing = 0;
			shellPath = /bin/sh;
			shellScript = "diff \"${PODS_PODFILE_DIR_PATH}/Podfile.lock\" \"${PODS_ROOT}/Manifest.lock\" > /dev/null\nif [ $? != 0 ] ; then\n    # print error to STDERR\n    echo \"error: The sandbox is not in sync with the Podfile.lock. Run 'pod install' or update your CocoaPods installation.\" >&2\n    exit 1\nfi\n# This output is used by Xcode 'outputs' to avoid re-running this script phase.\necho \"SUCCESS\" > \"${SCRIPT_OUTPUT_FILE_0}\"\n";
			showEnvVarsInLog = 0;
		};
		D31B8AB6061ECB4256F7FD73 /* [CP] Embed Pods Frameworks */ = {
			isa = PBXShellScriptBuildPhase;
			buildActionMask = 2147483647;
			files = (
			);
			inputFileListPaths = (
			);
			inputPaths = (
				"${PODS_ROOT}/Target Support Files/Pods-ITunesSearchAPI/Pods-ITunesSearchAPI-frameworks.sh",
				"${BUILT_PRODUCTS_DIR}/Alamofire/Alamofire.framework",
			);
			name = "[CP] Embed Pods Frameworks";
			outputFileListPaths = (
			);
			outputPaths = (
				"${TARGET_BUILD_DIR}/${FRAMEWORKS_FOLDER_PATH}/Alamofire.framework",
			);
			runOnlyForDeploymentPostprocessing = 0;
			shellPath = /bin/sh;
			shellScript = "\"${PODS_ROOT}/Target Support Files/Pods-ITunesSearchAPI/Pods-ITunesSearchAPI-frameworks.sh\"\n";
			showEnvVarsInLog = 0;
		};
/* End PBXShellScriptBuildPhase section */

/* Begin PBXSourcesBuildPhase section */
		43E8C54E22AA78BD0015AFE0 /* Sources */ = {
			isa = PBXSourcesBuildPhase;
			buildActionMask = 2147483647;
			files = (
				43E8C55822AA78BD0015AFE0 /* ViewController.swift in Sources */,
				43E8C56822AB9DE30015AFE0 /* Data.swift in Sources */,
				43E8C55622AA78BD0015AFE0 /* AppDelegate.swift in Sources */,
			);
			runOnlyForDeploymentPostprocessing = 0;
		};
/* End PBXSourcesBuildPhase section */

/* Begin PBXVariantGroup section */
		43E8C55922AA78BD0015AFE0 /* Main.storyboard */ = {
			isa = PBXVariantGroup;
			children = (
				43E8C55A22AA78BD0015AFE0 /* Base */,
			);
			name = Main.storyboard;
			sourceTree = "<group>";
		};
		43E8C55E22AA78BD0015AFE0 /* LaunchScreen.storyboard */ = {
			isa = PBXVariantGroup;
			children = (
				43E8C55F22AA78BD0015AFE0 /* Base */,
			);
			name = LaunchScreen.storyboard;
			sourceTree = "<group>";
		};
/* End PBXVariantGroup section */

/* Begin XCBuildConfiguration section */
		43E8C56222AA78BD0015AFE0 /* Debug */ = {
			isa = XCBuildConfiguration;
			buildSettings = {
				ALWAYS_SEARCH_USER_PATHS = NO;
				CLANG_ANALYZER_NONNULL = YES;
				CLANG_ANALYZER_NUMBER_OBJECT_CONVERSION = YES_AGGRESSIVE;
				CLANG_CXX_LANGUAGE_STANDARD = "gnu++14";
				CLANG_CXX_LIBRARY = "libc++";
				CLANG_ENABLE_MODULES = YES;
				CLANG_ENABLE_OBJC_ARC = YES;
				CLANG_ENABLE_OBJC_WEAK = YES;
				CLANG_WARN_BLOCK_CAPTURE_AUTORELEASING = YES;
				CLANG_WARN_BOOL_CONVERSION = YES;
				CLANG_WARN_COMMA = YES;
				CLANG_WARN_CONSTANT_CONVERSION = YES;
				CLANG_WARN_DEPRECATED_OBJC_IMPLEMENTATIONS = YES;
				CLANG_WARN_DIRECT_OBJC_ISA_USAGE = YES_ERROR;
				CLANG_WARN_DOCUMENTATION_COMMENTS = YES;
				CLANG_WARN_EMPTY_BODY = YES;
				CLANG_WARN_ENUM_CONVERSION = YES;
				CLANG_WARN_INFINITE_RECURSION = YES;
				CLANG_WARN_INT_CONVERSION = YES;
				CLANG_WARN_NON_LITERAL_NULL_CONVERSION = YES;
				CLANG_WARN_OBJC_IMPLICIT_RETAIN_SELF = YES;
				CLANG_WARN_OBJC_LITERAL_CONVERSION = YES;
				CLANG_WARN_OBJC_ROOT_CLASS = YES_ERROR;
				CLANG_WARN_RANGE_LOOP_ANALYSIS = YES;
				CLANG_WARN_STRICT_PROTOTYPES = YES;
				CLANG_WARN_SUSPICIOUS_MOVE = YES;
				CLANG_WARN_UNGUARDED_AVAILABILITY = YES_AGGRESSIVE;
				CLANG_WARN_UNREACHABLE_CODE = YES;
				CLANG_WARN__DUPLICATE_METHOD_MATCH = YES;
				CODE_SIGN_IDENTITY = "iPhone Developer";
				COPY_PHASE_STRIP = NO;
				DEBUG_INFORMATION_FORMAT = dwarf;
				ENABLE_STRICT_OBJC_MSGSEND = YES;
				ENABLE_TESTABILITY = YES;
				GCC_C_LANGUAGE_STANDARD = gnu11;
				GCC_DYNAMIC_NO_PIC = NO;
				GCC_NO_COMMON_BLOCKS = YES;
				GCC_OPTIMIZATION_LEVEL = 0;
				GCC_PREPROCESSOR_DEFINITIONS = (
					"DEBUG=1",
					"$(inherited)",
				);
				GCC_WARN_64_TO_32_BIT_CONVERSION = YES;
				GCC_WARN_ABOUT_RETURN_TYPE = YES_ERROR;
				GCC_WARN_UNDECLARED_SELECTOR = YES;
				GCC_WARN_UNINITIALIZED_AUTOS = YES_AGGRESSIVE;
				GCC_WARN_UNUSED_FUNCTION = YES;
				GCC_WARN_UNUSED_VARIABLE = YES;
				IPHONEOS_DEPLOYMENT_TARGET = 12.2;
				MTL_ENABLE_DEBUG_INFO = INCLUDE_SOURCE;
				MTL_FAST_MATH = YES;
				ONLY_ACTIVE_ARCH = YES;
				SDKROOT = iphoneos;
				SWIFT_ACTIVE_COMPILATION_CONDITIONS = DEBUG;
				SWIFT_OPTIMIZATION_LEVEL = "-Onone";
			};
			name = Debug;
		};
		43E8C56322AA78BD0015AFE0 /* Release */ = {
			isa = XCBuildConfiguration;
			buildSettings = {
				ALWAYS_SEARCH_USER_PATHS = NO;
				CLANG_ANALYZER_NONNULL = YES;
				CLANG_ANALYZER_NUMBER_OBJECT_CONVERSION = YES_AGGRESSIVE;
				CLANG_CXX_LANGUAGE_STANDARD = "gnu++14";
				CLANG_CXX_LIBRARY = "libc++";
				CLANG_ENABLE_MODULES = YES;
				CLANG_ENABLE_OBJC_ARC = YES;
				CLANG_ENABLE_OBJC_WEAK = YES;
				CLANG_WARN_BLOCK_CAPTURE_AUTORELEASING = YES;
				CLANG_WARN_BOOL_CONVERSION = YES;
				CLANG_WARN_COMMA = YES;
				CLANG_WARN_CONSTANT_CONVERSION = YES;
				CLANG_WARN_DEPRECATED_OBJC_IMPLEMENTATIONS = YES;
				CLANG_WARN_DIRECT_OBJC_ISA_USAGE = YES_ERROR;
				CLANG_WARN_DOCUMENTATION_COMMENTS = YES;
				CLANG_WARN_EMPTY_BODY = YES;
				CLANG_WARN_ENUM_CONVERSION = YES;
				CLANG_WARN_INFINITE_RECURSION = YES;
				CLANG_WARN_INT_CONVERSION = YES;
				CLANG_WARN_NON_LITERAL_NULL_CONVERSION = YES;
				CLANG_WARN_OBJC_IMPLICIT_RETAIN_SELF = YES;
				CLANG_WARN_OBJC_LITERAL_CONVERSION = YES;
				CLANG_WARN_OBJC_ROOT_CLASS = YES_ERROR;
				CLANG_WARN_RANGE_LOOP_ANALYSIS = YES;
				CLANG_WARN_STRICT_PROTOTYPES = YES;
				CLANG_WARN_SUSPICIOUS_MOVE = YES;
				CLANG_WARN_UNGUARDED_AVAILABILITY = YES_AGGRESSIVE;
				CLANG_WARN_UNREACHABLE_CODE = YES;
				CLANG_WARN__DUPLICATE_METHOD_MATCH = YES;
				CODE_SIGN_IDENTITY = "iPhone Developer";
				COPY_PHASE_STRIP = NO;
				DEBUG_INFORMATION_FORMAT = "dwarf-with-dsym";
				ENABLE_NS_ASSERTIONS = NO;
				ENABLE_STRICT_OBJC_MSGSEND = YES;
				GCC_C_LANGUAGE_STANDARD = gnu11;
				GCC_NO_COMMON_BLOCKS = YES;
				GCC_WARN_64_TO_32_BIT_CONVERSION = YES;
				GCC_WARN_ABOUT_RETURN_TYPE = YES_ERROR;
				GCC_WARN_UNDECLARED_SELECTOR = YES;
				GCC_WARN_UNINITIALIZED_AUTOS = YES_AGGRESSIVE;
				GCC_WARN_UNUSED_FUNCTION = YES;
				GCC_WARN_UNUSED_VARIABLE = YES;
				IPHONEOS_DEPLOYMENT_TARGET = 12.2;
				MTL_ENABLE_DEBUG_INFO = NO;
				MTL_FAST_MATH = YES;
				SDKROOT = iphoneos;
				SWIFT_COMPILATION_MODE = wholemodule;
				SWIFT_OPTIMIZATION_LEVEL = "-O";
				VALIDATE_PRODUCT = YES;
			};
			name = Release;
		};
		43E8C56522AA78BD0015AFE0 /* Debug */ = {
			isa = XCBuildConfiguration;
			baseConfigurationReference = 75F7B67005F8162E1CFF1E9C /* Pods-ITunesSearchAPI.debug.xcconfig */;
			buildSettings = {
				ASSETCATALOG_COMPILER_APPICON_NAME = AppIcon;
				CODE_SIGN_STYLE = Automatic;
				DEVELOPMENT_TEAM = 5AVJM299X4;
				INFOPLIST_FILE = ITunesSearchAPI/Info.plist;
				LD_RUNPATH_SEARCH_PATHS = (
					"$(inherited)",
					"@executable_path/Frameworks",
				);
				PRODUCT_BUNDLE_IDENTIFIER = "-0607.ITunesSearchAPI";
				PRODUCT_NAME = "$(TARGET_NAME)";
				SWIFT_VERSION = 5.0;
				TARGETED_DEVICE_FAMILY = "1,2";
			};
			name = Debug;
		};
		43E8C56622AA78BD0015AFE0 /* Release */ = {
			isa = XCBuildConfiguration;
			baseConfigurationReference = 737284A80AF5C5E002ABCCEA /* Pods-ITunesSearchAPI.release.xcconfig */;
			buildSettings = {
				ASSETCATALOG_COMPILER_APPICON_NAME = AppIcon;
				CODE_SIGN_STYLE = Automatic;
				DEVELOPMENT_TEAM = 5AVJM299X4;
				INFOPLIST_FILE = ITunesSearchAPI/Info.plist;
				LD_RUNPATH_SEARCH_PATHS = (
					"$(inherited)",
					"@executable_path/Frameworks",
				);
				PRODUCT_BUNDLE_IDENTIFIER = "-0607.ITunesSearchAPI";
				PRODUCT_NAME = "$(TARGET_NAME)";
				SWIFT_VERSION = 5.0;
				TARGETED_DEVICE_FAMILY = "1,2";
			};
			name = Release;
		};
/* End XCBuildConfiguration section */

/* Begin XCConfigurationList section */
		43E8C54D22AA78BD0015AFE0 /* Build configuration list for PBXProject "ITunesSearchAPI" */ = {
			isa = XCConfigurationList;
			buildConfigurations = (
				43E8C56222AA78BD0015AFE0 /* Debug */,
				43E8C56322AA78BD0015AFE0 /* Release */,
			);
			defaultConfigurationIsVisible = 0;
			defaultConfigurationName = Release;
		};
		43E8C56422AA78BD0015AFE0 /* Build configuration list for PBXNativeTarget "ITunesSearchAPI" */ = {
			isa = XCConfigurationList;
			buildConfigurations = (
				43E8C56522AA78BD0015AFE0 /* Debug */,
				43E8C56622AA78BD0015AFE0 /* Release */,
			);
			defaultConfigurationIsVisible = 0;
			defaultConfigurationName = Release;
		};
/* End XCConfigurationList section */
	};
	rootObject = 43E8C54A22AA78BD0015AFE0 /* Project object */;
}
