// !$*UTF8*$!
{
	archiveVersion = 1;
	classes = {
	};
	objectVersion = 50;
	objects = {

/* Begin PBXBuildFile section */
		43BAE97422560F8100ECC314 /* AppDelegate.swift in Sources */ = {isa = PBXBuildFile; fileRef = 43BAE97322560F8100ECC314 /* AppDelegate.swift */; };
		43BAE97622560F8100ECC314 /* ViewController.swift in Sources */ = {isa = PBXBuildFile; fileRef = 43BAE97522560F8100ECC314 /* ViewController.swift */; };
		43BAE97922560F8100ECC314 /* Main.storyboard in Resources */ = {isa = PBXBuildFile; fileRef = 43BAE97722560F8100ECC314 /* Main.storyboard */; };
		43BAE97B22560F8200ECC314 /* Assets.xcassets in Resources */ = {isa = PBXBuildFile; fileRef = 43BAE97A22560F8200ECC314 /* Assets.xcassets */; };
		43BAE97E22560F8200ECC314 /* LaunchScreen.storyboard in Resources */ = {isa = PBXBuildFile; fileRef = 43BAE97C22560F8200ECC314 /* LaunchScreen.storyboard */; };
		43BAE98622560FBC00ECC314 /* SecondViewController.swift in Sources */ = {isa = PBXBuildFile; fileRef = 43BAE98522560FBC00ECC314 /* SecondViewController.swift */; };
/* End PBXBuildFile section */

/* Begin PBXFileReference section */
		43BAE97022560F8100ECC314 /* DelegateSingletonTask.app */ = {isa = PBXFileReference; explicitFileType = wrapper.application; includeInIndex = 0; path = DelegateSingletonTask.app; sourceTree = BUILT_PRODUCTS_DIR; };
		43BAE97322560F8100ECC314 /* AppDelegate.swift */ = {isa = PBXFileReference; lastKnownFileType = sourcecode.swift; path = AppDelegate.swift; sourceTree = "<group>"; };
		43BAE97522560F8100ECC314 /* ViewController.swift */ = {isa = PBXFileReference; lastKnownFileType = sourcecode.swift; path = ViewController.swift; sourceTree = "<group>"; };
		43BAE97822560F8100ECC314 /* Base */ = {isa = PBXFileReference; lastKnownFileType = file.storyboard; name = Base; path = Base.lproj/Main.storyboard; sourceTree = "<group>"; };
		43BAE97A22560F8200ECC314 /* Assets.xcassets */ = {isa = PBXFileReference; lastKnownFileType = folder.assetcatalog; path = Assets.xcassets; sourceTree = "<group>"; };
		43BAE97D22560F8200ECC314 /* Base */ = {isa = PBXFileReference; lastKnownFileType = file.storyboard; name = Base; path = Base.lproj/LaunchScreen.storyboard; sourceTree = "<group>"; };
		43BAE97F22560F8200ECC314 /* Info.plist */ = {isa = PBXFileReference; lastKnownFileType = text.plist.xml; path = Info.plist; sourceTree = "<group>"; };
		43BAE98522560FBC00ECC314 /* SecondViewController.swift */ = {isa = PBXFileReference; lastKnownFileType = sourcecode.swift; path = SecondViewController.swift; sourceTree = "<group>"; };
/* End PBXFileReference section */

/* Begin PBXFrameworksBuildPhase section */
		43BAE96D22560F8100ECC314 /* Frameworks */ = {
			isa = PBXFrameworksBuildPhase;
			buildActionMask = 2147483647;
			files = (
			);
			runOnlyForDeploymentPostprocessing = 0;
		};
/* End PBXFrameworksBuildPhase section */

/* Begin PBXGroup section */
		43BAE96722560F8100ECC314 = {
			isa = PBXGroup;
			children = (
				43BAE97222560F8100ECC314 /* DelegateSingletonTask */,
				43BAE97122560F8100ECC314 /* Products */,
			);
			sourceTree = "<group>";
		};
		43BAE97122560F8100ECC314 /* Products */ = {
			isa = PBXGroup;
			children = (
				43BAE97022560F8100ECC314 /* DelegateSingletonTask.app */,
			);
			name = Products;
			sourceTree = "<group>";
		};
		43BAE97222560F8100ECC314 /* DelegateSingletonTask */ = {
			isa = PBXGroup;
			children = (
				43BAE97322560F8100ECC314 /* AppDelegate.swift */,
				43BAE97522560F8100ECC314 /* ViewController.swift */,
				43BAE98522560FBC00ECC314 /* SecondViewController.swift */,
				43BAE97722560F8100ECC314 /* Main.storyboard */,
				43BAE97A22560F8200ECC314 /* Assets.xcassets */,
				43BAE97C22560F8200ECC314 /* LaunchScreen.storyboard */,
				43BAE97F22560F8200ECC314 /* Info.plist */,
			);
			path = DelegateSingletonTask;
			sourceTree = "<group>";
		};
/* End PBXGroup section */

/* Begin PBXNativeTarget section */
		43BAE96F22560F8100ECC314 /* DelegateSingletonTask */ = {
			isa = PBXNativeTarget;
			buildConfigurationList = 43BAE98222560F8200ECC314 /* Build configuration list for PBXNativeTarget "DelegateSingletonTask" */;
			buildPhases = (
				43BAE96C22560F8100ECC314 /* Sources */,
				43BAE96D22560F8100ECC314 /* Frameworks */,
				43BAE96E22560F8100ECC314 /* Resources */,
			);
			buildRules = (
			);
			dependencies = (
			);
			name = DelegateSingletonTask;
			productName = DelegateSingletonTask;
			productReference = 43BAE97022560F8100ECC314 /* DelegateSingletonTask.app */;
			productType = "com.apple.product-type.application";
		};
/* End PBXNativeTarget section */

/* Begin PBXProject section */
		43BAE96822560F8100ECC314 /* Project object */ = {
			isa = PBXProject;
			attributes = {
				LastSwiftUpdateCheck = 1020;
				LastUpgradeCheck = 1020;
				ORGANIZATIONNAME = "Alex Lee";
				TargetAttributes = {
					43BAE96F22560F8100ECC314 = {
						CreatedOnToolsVersion = 10.2;
					};
				};
			};
			buildConfigurationList = 43BAE96B22560F8100ECC314 /* Build configuration list for PBXProject "DelegateSingletonTask" */;
			compatibilityVersion = "Xcode 9.3";
			developmentRegion = en;
			hasScannedForEncodings = 0;
			knownRegions = (
				en,
				Base,
			);
			mainGroup = 43BAE96722560F8100ECC314;
			productRefGroup = 43BAE97122560F8100ECC314 /* Products */;
			projectDirPath = "";
			projectRoot = "";
			targets = (
				43BAE96F22560F8100ECC314 /* DelegateSingletonTask */,
			);
		};
/* End PBXProject section */

/* Begin PBXResourcesBuildPhase section */
		43BAE96E22560F8100ECC314 /* Resources */ = {
			isa = PBXResourcesBuildPhase;
			buildActionMask = 2147483647;
			files = (
				43BAE97E22560F8200ECC314 /* LaunchScreen.storyboard in Resources */,
				43BAE97B22560F8200ECC314 /* Assets.xcassets in Resources */,
				43BAE97922560F8100ECC314 /* Main.storyboard in Resources */,
			);
			runOnlyForDeploymentPostprocessing = 0;
		};
/* End PBXResourcesBuildPhase section */

/* Begin PBXSourcesBuildPhase section */
		43BAE96C22560F8100ECC314 /* Sources */ = {
			isa = PBXSourcesBuildPhase;
			buildActionMask = 2147483647;
			files = (
				43BAE98622560FBC00ECC314 /* SecondViewController.swift in Sources */,
				43BAE97622560F8100ECC314 /* ViewController.swift in Sources */,
				43BAE97422560F8100ECC314 /* AppDelegate.swift in Sources */,
			);
			runOnlyForDeploymentPostprocessing = 0;
		};
/* End PBXSourcesBuildPhase section */

/* Begin PBXVariantGroup section */
		43BAE97722560F8100ECC314 /* Main.storyboard */ = {
			isa = PBXVariantGroup;
			children = (
				43BAE97822560F8100ECC314 /* Base */,
			);
			name = Main.storyboard;
			sourceTree = "<group>";
		};
		43BAE97C22560F8200ECC314 /* LaunchScreen.storyboard */ = {
			isa = PBXVariantGroup;
			children = (
				43BAE97D22560F8200ECC314 /* Base */,
			);
			name = LaunchScreen.storyboard;
			sourceTree = "<group>";
		};
/* End PBXVariantGroup section */

/* Begin XCBuildConfiguration section */
		43BAE98022560F8200ECC314 /* Debug */ = {
			isa = XCBuildConfiguration;
			buildSettings = {
				ALWAYS_SEARCH_USER_PATHS = NO;
				CLANG_ANALYZER_NONNULL = YES;
				CLANG_ANALYZER_NUMBER_OBJECT_CONVERSION = YES_AGGRESSIVE;
				CLANG_CXX_LANGUAGE_STANDARD = "gnu++14";
				CLANG_CXX_LIBRARY = "libc++";
				CLANG_ENABLE_MODULES = YES;
				CLANG_ENABLE_OBJC_ARC = YES;
				CLANG_ENABLE_OBJC_WEAK = YES;
				CLANG_WARN_BLOCK_CAPTURE_AUTORELEASING = YES;
				CLANG_WARN_BOOL_CONVERSION = YES;
				CLANG_WARN_COMMA = YES;
				CLANG_WARN_CONSTANT_CONVERSION = YES;
				CLANG_WARN_DEPRECATED_OBJC_IMPLEMENTATIONS = YES;
				CLANG_WARN_DIRECT_OBJC_ISA_USAGE = YES_ERROR;
				CLANG_WARN_DOCUMENTATION_COMMENTS = YES;
				CLANG_WARN_EMPTY_BODY = YES;
				CLANG_WARN_ENUM_CONVERSION = YES;
				CLANG_WARN_INFINITE_RECURSION = YES;
				CLANG_WARN_INT_CONVERSION = YES;
				CLANG_WARN_NON_LITERAL_NULL_CONVERSION = YES;
				CLANG_WARN_OBJC_IMPLICIT_RETAIN_SELF = YES;
				CLANG_WARN_OBJC_LITERAL_CONVERSION = YES;
				CLANG_WARN_OBJC_ROOT_CLASS = YES_ERROR;
				CLANG_WARN_RANGE_LOOP_ANALYSIS = YES;
				CLANG_WARN_STRICT_PROTOTYPES = YES;
				CLANG_WARN_SUSPICIOUS_MOVE = YES;
				CLANG_WARN_UNGUARDED_AVAILABILITY = YES_AGGRESSIVE;
				CLANG_WARN_UNREACHABLE_CODE = YES;
				CLANG_WARN__DUPLICATE_METHOD_MATCH = YES;
				CODE_SIGN_IDENTITY = "iPhone Developer";
				COPY_PHASE_STRIP = NO;
				DEBUG_INFORMATION_FORMAT = dwarf;
				ENABLE_STRICT_OBJC_MSGSEND = YES;
				ENABLE_TESTABILITY = YES;
				GCC_C_LANGUAGE_STANDARD = gnu11;
				GCC_DYNAMIC_NO_PIC = NO;
				GCC_NO_COMMON_BLOCKS = YES;
				GCC_OPTIMIZATION_LEVEL = 0;
				GCC_PREPROCESSOR_DEFINITIONS = (
					"DEBUG=1",
					"$(inherited)",
				);
				GCC_WARN_64_TO_32_BIT_CONVERSION = YES;
				GCC_WARN_ABOUT_RETURN_TYPE = YES_ERROR;
				GCC_WARN_UNDECLARED_SELECTOR = YES;
				GCC_WARN_UNINITIALIZED_AUTOS = YES_AGGRESSIVE;
				GCC_WARN_UNUSED_FUNCTION = YES;
				GCC_WARN_UNUSED_VARIABLE = YES;
				IPHONEOS_DEPLOYMENT_TARGET = 12.2;
				MTL_ENABLE_DEBUG_INFO = INCLUDE_SOURCE;
				MTL_FAST_MATH = YES;
				ONLY_ACTIVE_ARCH = YES;
				SDKROOT = iphoneos;
				SWIFT_ACTIVE_COMPILATION_CONDITIONS = DEBUG;
				SWIFT_OPTIMIZATION_LEVEL = "-Onone";
			};
			name = Debug;
		};
		43BAE98122560F8200ECC314 /* Release */ = {
			isa = XCBuildConfiguration;
			buildSettings = {
				ALWAYS_SEARCH_USER_PATHS = NO;
				CLANG_ANALYZER_NONNULL = YES;
				CLANG_ANALYZER_NUMBER_OBJECT_CONVERSION = YES_AGGRESSIVE;
				CLANG_CXX_LANGUAGE_STANDARD = "gnu++14";
				CLANG_CXX_LIBRARY = "libc++";
				CLANG_ENABLE_MODULES = YES;
				CLANG_ENABLE_OBJC_ARC = YES;
				CLANG_ENABLE_OBJC_WEAK = YES;
				CLANG_WARN_BLOCK_CAPTURE_AUTORELEASING = YES;
				CLANG_WARN_BOOL_CONVERSION = YES;
				CLANG_WARN_COMMA = YES;
				CLANG_WARN_CONSTANT_CONVERSION = YES;
				CLANG_WARN_DEPRECATED_OBJC_IMPLEMENTATIONS = YES;
				CLANG_WARN_DIRECT_OBJC_ISA_USAGE = YES_ERROR;
				CLANG_WARN_DOCUMENTATION_COMMENTS = YES;
				CLANG_WARN_EMPTY_BODY = YES;
				CLANG_WARN_ENUM_CONVERSION = YES;
				CLANG_WARN_INFINITE_RECURSION = YES;
				CLANG_WARN_INT_CONVERSION = YES;
				CLANG_WARN_NON_LITERAL_NULL_CONVERSION = YES;
				CLANG_WARN_OBJC_IMPLICIT_RETAIN_SELF = YES;
				CLANG_WARN_OBJC_LITERAL_CONVERSION = YES;
				CLANG_WARN_OBJC_ROOT_CLASS = YES_ERROR;
				CLANG_WARN_RANGE_LOOP_ANALYSIS = YES;
				CLANG_WARN_STRICT_PROTOTYPES = YES;
				CLANG_WARN_SUSPICIOUS_MOVE = YES;
				CLANG_WARN_UNGUARDED_AVAILABILITY = YES_AGGRESSIVE;
				CLANG_WARN_UNREACHABLE_CODE = YES;
				CLANG_WARN__DUPLICATE_METHOD_MATCH = YES;
				CODE_SIGN_IDENTITY = "iPhone Developer";
				COPY_PHASE_STRIP = NO;
				DEBUG_INFORMATION_FORMAT = "dwarf-with-dsym";
				ENABLE_NS_ASSERTIONS = NO;
				ENABLE_STRICT_OBJC_MSGSEND = YES;
				GCC_C_LANGUAGE_STANDARD = gnu11;
				GCC_NO_COMMON_BLOCKS = YES;
				GCC_WARN_64_TO_32_BIT_CONVERSION = YES;
				GCC_WARN_ABOUT_RETURN_TYPE = YES_ERROR;
				GCC_WARN_UNDECLARED_SELECTOR = YES;
				GCC_WARN_UNINITIALIZED_AUTOS = YES_AGGRESSIVE;
				GCC_WARN_UNUSED_FUNCTION = YES;
				GCC_WARN_UNUSED_VARIABLE = YES;
				IPHONEOS_DEPLOYMENT_TARGET = 12.2;
				MTL_ENABLE_DEBUG_INFO = NO;
				MTL_FAST_MATH = YES;
				SDKROOT = iphoneos;
				SWIFT_COMPILATION_MODE = wholemodule;
				SWIFT_OPTIMIZATION_LEVEL = "-O";
				VALIDATE_PRODUCT = YES;
			};
			name = Release;
		};
		43BAE98322560F8200ECC314 /* Debug */ = {
			isa = XCBuildConfiguration;
			buildSettings = {
				ASSETCATALOG_COMPILER_APPICON_NAME = AppIcon;
				CODE_SIGN_STYLE = Automatic;
				INFOPLIST_FILE = DelegateSingletonTask/Info.plist;
				LD_RUNPATH_SEARCH_PATHS = (
					"$(inherited)",
					"@executable_path/Frameworks",
				);
				PRODUCT_BUNDLE_IDENTIFIER = "-0404.DelegateSingletonTask";
				PRODUCT_NAME = "$(TARGET_NAME)";
				SWIFT_VERSION = 5.0;
				TARGETED_DEVICE_FAMILY = "1,2";
			};
			name = Debug;
		};
		43BAE98422560F8200ECC314 /* Release */ = {
			isa = XCBuildConfiguration;
			buildSettings = {
				ASSETCATALOG_COMPILER_APPICON_NAME = AppIcon;
				CODE_SIGN_STYLE = Automatic;
				INFOPLIST_FILE = DelegateSingletonTask/Info.plist;
				LD_RUNPATH_SEARCH_PATHS = (
					"$(inherited)",
					"@executable_path/Frameworks",
				);
				PRODUCT_BUNDLE_IDENTIFIER = "-0404.DelegateSingletonTask";
				PRODUCT_NAME = "$(TARGET_NAME)";
				SWIFT_VERSION = 5.0;
				TARGETED_DEVICE_FAMILY = "1,2";
			};
			name = Release;
		};
/* End XCBuildConfiguration section */

/* Begin XCConfigurationList section */
		43BAE96B22560F8100ECC314 /* Build configuration list for PBXProject "DelegateSingletonTask" */ = {
			isa = XCConfigurationList;
			buildConfigurations = (
				43BAE98022560F8200ECC314 /* Debug */,
				43BAE98122560F8200ECC314 /* Release */,
			);
			defaultConfigurationIsVisible = 0;
			defaultConfigurationName = Release;
		};
		43BAE98222560F8200ECC314 /* Build configuration list for PBXNativeTarget "DelegateSingletonTask" */ = {
			isa = XCConfigurationList;
			buildConfigurations = (
				43BAE98322560F8200ECC314 /* Debug */,
				43BAE98422560F8200ECC314 /* Release */,
			);
			defaultConfigurationIsVisible = 0;
			defaultConfigurationName = Release;
		};
/* End XCConfigurationList section */
	};
	rootObject = 43BAE96822560F8100ECC314 /* Project object */;
}
